<?xml version="1.0" encoding="utf-8"?>
<Project ToolsVersion="16.0" xmlns="http://schemas.microsoft.com/developer/msbuild/2003">
  <ItemGroup>
    <Filter Include="src">
      <UniqueIdentifier>{2DAB880B-99B4-887C-2230-9F7C8E38947C}</UniqueIdentifier>
    </Filter>
    <Filter Include="src\mame">
      <UniqueIdentifier>{09EE61D2-F5BA-BCDD-1ED4-AA850A00F26B}</UniqueIdentifier>
    </Filter>
    <Filter Include="src\mame\akai">
      <UniqueIdentifier>{DBEE7CBE-47AF-F8F4-10EA-41727C693DD1}</UniqueIdentifier>
    </Filter>
  </ItemGroup>
  <ItemGroup>
    <ClCompile Include="..\..\..\..\..\src\mame\akai\akaiax80.cpp">
      <Filter>src\mame\akai</Filter>
    </ClCompile>
    <ClCompile Include="..\..\..\..\..\src\mame\akai\akaivx600.cpp">
      <Filter>src\mame\akai</Filter>
    </ClCompile>
    <ClCompile Include="..\..\..\..\..\src\mame\akai\mpc3000.cpp">
      <Filter>src\mame\akai</Filter>
    </ClCompile>
    <ClCompile Include="..\..\..\..\..\src\mame\akai\mpc60.cpp">
      <Filter>src\mame\akai</Filter>
    </ClCompile>
  </ItemGroup>
</Project>
