<?xml version="1.0" encoding="utf-8"?>
<Project ToolsVersion="16.0" xmlns="http://schemas.microsoft.com/developer/msbuild/2003">
  <ItemGroup>
    <Filter Include="src">
      <UniqueIdentifier>{2DAB880B-99B4-887C-2230-9F7C8E38947C}</UniqueIdentifier>
    </Filter>
    <Filter Include="src\mame">
      <UniqueIdentifier>{09EE61D2-F5BA-BCDD-1ED4-AA850A00F26B}</UniqueIdentifier>
    </Filter>
    <Filter Include="src\mame\citoh">
      <UniqueIdentifier>{7C343E8E-6802-3294-5196-A2BA3D030EF9}</UniqueIdentifier>
    </Filter>
  </ItemGroup>
  <ItemGroup>
    <ClInclude Include="..\..\..\..\..\src\mame\citoh\cit101_kbd.h">
      <Filter>src\mame\citoh</Filter>
    </ClInclude>
    <ClInclude Include="..\..\..\..\..\src\mame\citoh\cit220_kbd.h">
      <Filter>src\mame\citoh</Filter>
    </ClInclude>
  </ItemGroup>
  <ItemGroup>
    <ClCompile Include="..\..\..\..\..\src\mame\citoh\cit101.cpp">
      <Filter>src\mame\citoh</Filter>
    </ClCompile>
    <ClCompile Include="..\..\..\..\..\src\mame\citoh\cit101xl.cpp">
      <Filter>src\mame\citoh</Filter>
    </ClCompile>
    <ClCompile Include="..\..\..\..\..\src\mame\citoh\cit101_kbd.cpp">
      <Filter>src\mame\citoh</Filter>
    </ClCompile>
    <ClCompile Include="..\..\..\..\..\src\mame\citoh\cit220.cpp">
      <Filter>src\mame\citoh</Filter>
    </ClCompile>
    <ClCompile Include="..\..\..\..\..\src\mame\citoh\cit220_kbd.cpp">
      <Filter>src\mame\citoh</Filter>
    </ClCompile>
  </ItemGroup>
</Project>
