<?xml version="1.0" encoding="utf-8"?>
<Project ToolsVersion="16.0" xmlns="http://schemas.microsoft.com/developer/msbuild/2003">
  <ItemGroup>
    <Filter Include="src">
      <UniqueIdentifier>{2DAB880B-99B4-887C-2230-9F7C8E38947C}</UniqueIdentifier>
    </Filter>
    <Filter Include="src\mame">
      <UniqueIdentifier>{09EE61D2-F5BA-BCDD-1ED4-AA850A00F26B}</UniqueIdentifier>
    </Filter>
    <Filter Include="src\mame\dg">
      <UniqueIdentifier>{10B24945-7C67-C23A-055C-BC117110B93E}</UniqueIdentifier>
    </Filter>
  </ItemGroup>
  <ItemGroup>
    <ClCompile Include="..\..\..\..\..\src\mame\dg\aviion88k.cpp">
      <Filter>src\mame\dg</Filter>
    </ClCompile>
  </ItemGroup>
</Project>
