<?xml version="1.0" encoding="utf-8"?>
<Project ToolsVersion="16.0" xmlns="http://schemas.microsoft.com/developer/msbuild/2003">
  <ItemGroup>
    <Filter Include="src">
      <UniqueIdentifier>{2DAB880B-99B4-887C-2230-9F7C8E38947C}</UniqueIdentifier>
    </Filter>
    <Filter Include="src\mame">
      <UniqueIdentifier>{09EE61D2-F5BA-BCDD-1ED4-AA850A00F26B}</UniqueIdentifier>
    </Filter>
    <Filter Include="src\mame\nakajima">
      <UniqueIdentifier>{C1134F93-2D2A-4D29-76A1-D84AE2F61DB1}</UniqueIdentifier>
    </Filter>
  </ItemGroup>
  <ItemGroup>
    <ClCompile Include="..\..\..\..\..\src\mame\nakajima\nakajies.cpp">
      <Filter>src\mame\nakajima</Filter>
    </ClCompile>
  </ItemGroup>
</Project>
