<?xml version="1.0" encoding="utf-8"?>
<Project ToolsVersion="16.0" xmlns="http://schemas.microsoft.com/developer/msbuild/2003">
  <ItemGroup>
    <Filter Include="src">
      <UniqueIdentifier>{2DAB880B-99B4-887C-2230-9F7C8E38947C}</UniqueIdentifier>
    </Filter>
    <Filter Include="src\mame">
      <UniqueIdentifier>{09EE61D2-F5BA-BCDD-1ED4-AA850A00F26B}</UniqueIdentifier>
    </Filter>
    <Filter Include="src\mame\nasco">
      <UniqueIdentifier>{39D9008F-25A7-F494-0E3B-65BBFAA7D0F9}</UniqueIdentifier>
    </Filter>
  </ItemGroup>
  <ItemGroup>
    <ClCompile Include="..\..\..\..\..\src\mame\nasco\crgolf.cpp">
      <Filter>src\mame\nasco</Filter>
    </ClCompile>
    <ClCompile Include="..\..\..\..\..\src\mame\nasco\himesiki.cpp">
      <Filter>src\mame\nasco</Filter>
    </ClCompile>
    <ClCompile Include="..\..\..\..\..\src\mame\nasco\suprgolf.cpp">
      <Filter>src\mame\nasco</Filter>
    </ClCompile>
  </ItemGroup>
</Project>
