<?xml version="1.0" encoding="utf-8"?>
<Project ToolsVersion="16.0" xmlns="http://schemas.microsoft.com/developer/msbuild/2003">
  <ItemGroup>
    <Filter Include="src">
      <UniqueIdentifier>{2DAB880B-99B4-887C-2230-9F7C8E38947C}</UniqueIdentifier>
    </Filter>
    <Filter Include="src\mame">
      <UniqueIdentifier>{09EE61D2-F5BA-BCDD-1ED4-AA850A00F26B}</UniqueIdentifier>
    </Filter>
    <Filter Include="src\mame\psion">
      <UniqueIdentifier>{0EC02E8F-FA8D-2295-E321-93BBCF8EFEF9}</UniqueIdentifier>
    </Filter>
  </ItemGroup>
  <ItemGroup>
    <ClInclude Include="..\..\..\..\..\src\mame\psion\etna.h">
      <Filter>src\mame\psion</Filter>
    </ClInclude>
    <ClInclude Include="..\..\..\..\..\src\mame\psion\psion.h">
      <Filter>src\mame\psion</Filter>
    </ClInclude>
    <ClInclude Include="..\..\..\..\..\src\mame\psion\psion5.h">
      <Filter>src\mame\psion</Filter>
    </ClInclude>
    <ClInclude Include="..\..\..\..\..\src\mame\psion\psion_pack.h">
      <Filter>src\mame\psion</Filter>
    </ClInclude>
  </ItemGroup>
  <ItemGroup>
    <ClCompile Include="..\..\..\..\..\src\mame\psion\etna.cpp">
      <Filter>src\mame\psion</Filter>
    </ClCompile>
    <ClCompile Include="..\..\..\..\..\src\mame\psion\psion.cpp">
      <Filter>src\mame\psion</Filter>
    </ClCompile>
    <ClCompile Include="..\..\..\..\..\src\mame\psion\psion3.cpp">
      <Filter>src\mame\psion</Filter>
    </ClCompile>
    <ClCompile Include="..\..\..\..\..\src\mame\psion\psion3a.cpp">
      <Filter>src\mame\psion</Filter>
    </ClCompile>
    <ClCompile Include="..\..\..\..\..\src\mame\psion\psion5.cpp">
      <Filter>src\mame\psion</Filter>
    </ClCompile>
    <ClCompile Include="..\..\..\..\..\src\mame\psion\psionhc.cpp">
      <Filter>src\mame\psion</Filter>
    </ClCompile>
    <ClCompile Include="..\..\..\..\..\src\mame\psion\psion_pack.cpp">
      <Filter>src\mame\psion</Filter>
    </ClCompile>
    <ClCompile Include="..\..\..\..\..\src\mame\psion\siena.cpp">
      <Filter>src\mame\psion</Filter>
    </ClCompile>
    <ClCompile Include="..\..\..\..\..\src\mame\psion\workabout.cpp">
      <Filter>src\mame\psion</Filter>
    </ClCompile>
  </ItemGroup>
</Project>
