<?xml version="1.0" encoding="utf-8"?>
<Project ToolsVersion="16.0" xmlns="http://schemas.microsoft.com/developer/msbuild/2003">
  <ItemGroup>
    <Filter Include="src">
      <UniqueIdentifier>{2DAB880B-99B4-887C-2230-9F7C8E38947C}</UniqueIdentifier>
    </Filter>
    <Filter Include="src\mame">
      <UniqueIdentifier>{09EE61D2-F5BA-BCDD-1ED4-AA850A00F26B}</UniqueIdentifier>
    </Filter>
    <Filter Include="src\mame\qume">
      <UniqueIdentifier>{FDE085BE-69A1-01F5-32DC-4A729E5B46D1}</UniqueIdentifier>
    </Filter>
  </ItemGroup>
  <ItemGroup>
    <ClCompile Include="..\..\..\..\..\src\mame\qume\qvt102.cpp">
      <Filter>src\mame\qume</Filter>
    </ClCompile>
    <ClCompile Include="..\..\..\..\..\src\mame\qume\qvt103.cpp">
      <Filter>src\mame\qume</Filter>
    </ClCompile>
    <ClCompile Include="..\..\..\..\..\src\mame\qume\qvt190.cpp">
      <Filter>src\mame\qume</Filter>
    </ClCompile>
    <ClCompile Include="..\..\..\..\..\src\mame\qume\qvt201.cpp">
      <Filter>src\mame\qume</Filter>
    </ClCompile>
    <ClCompile Include="..\..\..\..\..\src\mame\qume\qvt70.cpp">
      <Filter>src\mame\qume</Filter>
    </ClCompile>
  </ItemGroup>
</Project>
